// !$*UTF8*$!
{
	archiveVersion = 1;
	classes = {
	};
	objectVersion = 56;
	objects = {

/* Begin PBXBuildFile section */
		B4ACAB2C2B6E70CA0025F529 /* ChratApp.swift in Sources */ = {isa = PBXBuildFile; fileRef = B4ACAB2B2B6E70CA0025F529 /* ChratApp.swift */; };
		B4ACAB2E2B6E70CA0025F529 /* ContentView.swift in Sources */ = {isa = PBXBuildFile; fileRef = B4ACAB2D2B6E70CA0025F529 /* ContentView.swift */; };
		B4ACAB302B6E70CB0025F529 /* Assets.xcassets in Resources */ = {isa = PBXBuildFile; fileRef = B4ACAB2F2B6E70CB0025F529 /* Assets.xcassets */; };
		B4ACAB332B6E70CB0025F529 /* Preview Assets.xcassets in Resources */ = {isa = PBXBuildFile; fileRef = B4ACAB322B6E70CB0025F529 /* Preview Assets.xcassets */; };
		B4ACAB3C2B6E733A0025F529 /* User.swift in Sources */ = {isa = PBXBuildFile; fileRef = B4ACAB3B2B6E733A0025F529 /* User.swift */; };
		B4ACAB3E2B6E73F00025F529 /* Post.swift in Sources */ = {isa = PBXBuildFile; fileRef = B4ACAB3D2B6E73F00025F529 /* Post.swift */; };
		B4ACAB402B6E741E0025F529 /* Comment.swift in Sources */ = {isa = PBXBuildFile; fileRef = B4ACAB3F2B6E741E0025F529 /* Comment.swift */; };
		B4ACAB422B6E75620025F529 /* GoogleService-Info.plist in Resources */ = {isa = PBXBuildFile; fileRef = B4ACAB412B6E75620025F529 /* GoogleService-Info.plist */; };
		B4ACAB452B6E761B0025F529 /* FirebaseAnalytics in Frameworks */ = {isa = PBXBuildFile; productRef = B4ACAB442B6E761B0025F529 /* FirebaseAnalytics */; };
		B4ACAB472B6E761B0025F529 /* FirebaseAnalyticsSwift in Frameworks */ = {isa = PBXBuildFile; productRef = B4ACAB462B6E761B0025F529 /* FirebaseAnalyticsSwift */; };
		B4ACAB492B6E761B0025F529 /* FirebaseAuth in Frameworks */ = {isa = PBXBuildFile; productRef = B4ACAB482B6E761B0025F529 /* FirebaseAuth */; };
		B4ACAB4B2B6E761B0025F529 /* FirebaseFirestore in Frameworks */ = {isa = PBXBuildFile; productRef = B4ACAB4A2B6E761B0025F529 /* FirebaseFirestore */; };
		B4ACAB4D2B6E761B0025F529 /* FirebaseFirestoreSwift in Frameworks */ = {isa = PBXBuildFile; productRef = B4ACAB4C2B6E761B0025F529 /* FirebaseFirestoreSwift */; };
		B4ACAB4F2B6E761B0025F529 /* FirebaseStorage in Frameworks */ = {isa = PBXBuildFile; productRef = B4ACAB4E2B6E761B0025F529 /* FirebaseStorage */; };
/* End PBXBuildFile section */

/* Begin PBXFileReference section */
		B4ACAB282B6E70CA0025F529 /* Chrat.app */ = {isa = PBXFileReference; explicitFileType = wrapper.application; includeInIndex = 0; path = Chrat.app; sourceTree = BUILT_PRODUCTS_DIR; };
		B4ACAB2B2B6E70CA0025F529 /* ChratApp.swift */ = {isa = PBXFileReference; lastKnownFileType = sourcecode.swift; path = ChratApp.swift; sourceTree = "<group>"; };
		B4ACAB2D2B6E70CA0025F529 /* ContentView.swift */ = {isa = PBXFileReference; lastKnownFileType = sourcecode.swift; path = ContentView.swift; sourceTree = "<group>"; };
		B4ACAB2F2B6E70CB0025F529 /* Assets.xcassets */ = {isa = PBXFileReference; lastKnownFileType = folder.assetcatalog; path = Assets.xcassets; sourceTree = "<group>"; };
		B4ACAB322B6E70CB0025F529 /* Preview Assets.xcassets */ = {isa = PBXFileReference; lastKnownFileType = folder.assetcatalog; path = "Preview Assets.xcassets"; sourceTree = "<group>"; };
		B4ACAB3B2B6E733A0025F529 /* User.swift */ = {isa = PBXFileReference; lastKnownFileType = sourcecode.swift; path = User.swift; sourceTree = "<group>"; };
		B4ACAB3D2B6E73F00025F529 /* Post.swift */ = {isa = PBXFileReference; lastKnownFileType = sourcecode.swift; path = Post.swift; sourceTree = "<group>"; };
		B4ACAB3F2B6E741E0025F529 /* Comment.swift */ = {isa = PBXFileReference; lastKnownFileType = sourcecode.swift; path = Comment.swift; sourceTree = "<group>"; };
		B4ACAB412B6E75620025F529 /* GoogleService-Info.plist */ = {isa = PBXFileReference; fileEncoding = 4; lastKnownFileType = text.plist.xml; path = "GoogleService-Info.plist"; sourceTree = "<group>"; };
/* End PBXFileReference section */

/* Begin PBXFrameworksBuildPhase section */
		B4ACAB252B6E70CA0025F529 /* Frameworks */ = {
			isa = PBXFrameworksBuildPhase;
			buildActionMask = 2147483647;
			files = (
				B4ACAB4D2B6E761B0025F529 /* FirebaseFirestoreSwift in Frameworks */,
				B4ACAB472B6E761B0025F529 /* FirebaseAnalyticsSwift in Frameworks */,
				B4ACAB4B2B6E761B0025F529 /* FirebaseFirestore in Frameworks */,
				B4ACAB492B6E761B0025F529 /* FirebaseAuth in Frameworks */,
				B4ACAB452B6E761B0025F529 /* FirebaseAnalytics in Frameworks */,
				B4ACAB4F2B6E761B0025F529 /* FirebaseStorage in Frameworks */,
			);
			runOnlyForDeploymentPostprocessing = 0;
		};
/* End PBXFrameworksBuildPhase section */

/* Begin PBXGroup section */
		B4ACAB1F2B6E70CA0025F529 = {
			isa = PBXGroup;
			children = (
				B4ACAB2A2B6E70CA0025F529 /* Chrat */,
				B4ACAB292B6E70CA0025F529 /* Products */,
			);
			sourceTree = "<group>";
		};
		B4ACAB292B6E70CA0025F529 /* Products */ = {
			isa = PBXGroup;
			children = (
				B4ACAB282B6E70CA0025F529 /* Chrat.app */,
			);
			name = Products;
			sourceTree = "<group>";
		};
		B4ACAB2A2B6E70CA0025F529 /* Chrat */ = {
			isa = PBXGroup;
			children = (
				B4ACAB3A2B6E73300025F529 /* Models */,
				B4ACAB2B2B6E70CA0025F529 /* ChratApp.swift */,
				B4ACAB2D2B6E70CA0025F529 /* ContentView.swift */,
				B4ACAB392B6E72F20025F529 /* Resources */,
			);
			path = Chrat;
			sourceTree = "<group>";
		};
		B4ACAB312B6E70CB0025F529 /* Preview Content */ = {
			isa = PBXGroup;
			children = (
				B4ACAB322B6E70CB0025F529 /* Preview Assets.xcassets */,
			);
			path = "Preview Content";
			sourceTree = "<group>";
		};
		B4ACAB392B6E72F20025F529 /* Resources */ = {
			isa = PBXGroup;
			children = (
				B4ACAB412B6E75620025F529 /* GoogleService-Info.plist */,
				B4ACAB312B6E70CB0025F529 /* Preview Content */,
				B4ACAB2F2B6E70CB0025F529 /* Assets.xcassets */,
			);
			path = Resources;
			sourceTree = "<group>";
		};
		B4ACAB3A2B6E73300025F529 /* Models */ = {
			isa = PBXGroup;
			children = (
				B4ACAB3B2B6E733A0025F529 /* User.swift */,
				B4ACAB3D2B6E73F00025F529 /* Post.swift */,
				B4ACAB3F2B6E741E0025F529 /* Comment.swift */,
			);
			path = Models;
			sourceTree = "<group>";
		};
/* End PBXGroup section */

/* Begin PBXNativeTarget section */
		B4ACAB272B6E70CA0025F529 /* Chrat */ = {
			isa = PBXNativeTarget;
			buildConfigurationList = B4ACAB362B6E70CB0025F529 /* Build configuration list for PBXNativeTarget "Chrat" */;
			buildPhases = (
				B4ACAB242B6E70CA0025F529 /* Sources */,
				B4ACAB252B6E70CA0025F529 /* Frameworks */,
				B4ACAB262B6E70CA0025F529 /* Resources */,
			);
			buildRules = (
			);
			dependencies = (
			);
			name = Chrat;
			packageProductDependencies = (
				B4ACAB442B6E761B0025F529 /* FirebaseAnalytics */,
				B4ACAB462B6E761B0025F529 /* FirebaseAnalyticsSwift */,
				B4ACAB482B6E761B0025F529 /* FirebaseAuth */,
				B4ACAB4A2B6E761B0025F529 /* FirebaseFirestore */,
				B4ACAB4C2B6E761B0025F529 /* FirebaseFirestoreSwift */,
				B4ACAB4E2B6E761B0025F529 /* FirebaseStorage */,
			);
			productName = Chrat;
			productReference = B4ACAB282B6E70CA0025F529 /* Chrat.app */;
			productType = "com.apple.product-type.application";
		};
/* End PBXNativeTarget section */

/* Begin PBXProject section */
		B4ACAB202B6E70CA0025F529 /* Project object */ = {
			isa = PBXProject;
			attributes = {
				BuildIndependentTargetsInParallel = 1;
				LastSwiftUpdateCheck = 1510;
				LastUpgradeCheck = 1510;
				TargetAttributes = {
					B4ACAB272B6E70CA0025F529 = {
						CreatedOnToolsVersion = 15.1;
					};
				};
			};
			buildConfigurationList = B4ACAB232B6E70CA0025F529 /* Build configuration list for PBXProject "Chrat" */;
			compatibilityVersion = "Xcode 14.0";
			developmentRegion = en;
			hasScannedForEncodings = 0;
			knownRegions = (
				en,
				Base,
			);
			mainGroup = B4ACAB1F2B6E70CA0025F529;
			packageReferences = (
				B4ACAB432B6E761B0025F529 /* XCRemoteSwiftPackageReference "firebase-ios-sdk" */,
			);
			productRefGroup = B4ACAB292B6E70CA0025F529 /* Products */;
			projectDirPath = "";
			projectRoot = "";
			targets = (
				B4ACAB272B6E70CA0025F529 /* Chrat */,
			);
		};
/* End PBXProject section */

/* Begin PBXResourcesBuildPhase section */
		B4ACAB262B6E70CA0025F529 /* Resources */ = {
			isa = PBXResourcesBuildPhase;
			buildActionMask = 2147483647;
			files = (
				B4ACAB332B6E70CB0025F529 /* Preview Assets.xcassets in Resources */,
				B4ACAB302B6E70CB0025F529 /* Assets.xcassets in Resources */,
				B4ACAB422B6E75620025F529 /* GoogleService-Info.plist in Resources */,
			);
			runOnlyForDeploymentPostprocessing = 0;
		};
/* End PBXResourcesBuildPhase section */

/* Begin PBXSourcesBuildPhase section */
		B4ACAB242B6E70CA0025F529 /* Sources */ = {
			isa = PBXSourcesBuildPhase;
			buildActionMask = 2147483647;
			files = (
				B4ACAB402B6E741E0025F529 /* Comment.swift in Sources */,
				B4ACAB2E2B6E70CA0025F529 /* ContentView.swift in Sources */,
				B4ACAB2C2B6E70CA0025F529 /* ChratApp.swift in Sources */,
				B4ACAB3C2B6E733A0025F529 /* User.swift in Sources */,
				B4ACAB3E2B6E73F00025F529 /* Post.swift in Sources */,
			);
			runOnlyForDeploymentPostprocessing = 0;
		};
/* End PBXSourcesBuildPhase section */

/* Begin XCBuildConfiguration section */
		B4ACAB342B6E70CB0025F529 /* Debug */ = {
			isa = XCBuildConfiguration;
			buildSettings = {
				ALWAYS_SEARCH_USER_PATHS = NO;
				ASSETCATALOG_COMPILER_GENERATE_SWIFT_ASSET_SYMBOL_EXTENSIONS = YES;
				CLANG_ANALYZER_NONNULL = YES;
				CLANG_ANALYZER_NUMBER_OBJECT_CONVERSION = YES_AGGRESSIVE;
				CLANG_CXX_LANGUAGE_STANDARD = "gnu++20";
				CLANG_ENABLE_MODULES = YES;
				CLANG_ENABLE_OBJC_ARC = YES;
				CLANG_ENABLE_OBJC_WEAK = YES;
				CLANG_WARN_BLOCK_CAPTURE_AUTORELEASING = YES;
				CLANG_WARN_BOOL_CONVERSION = YES;
				CLANG_WARN_COMMA = YES;
				CLANG_WARN_CONSTANT_CONVERSION = YES;
				CLANG_WARN_DEPRECATED_OBJC_IMPLEMENTATIONS = YES;
				CLANG_WARN_DIRECT_OBJC_ISA_USAGE = YES_ERROR;
				CLANG_WARN_DOCUMENTATION_COMMENTS = YES;
				CLANG_WARN_EMPTY_BODY = YES;
				CLANG_WARN_ENUM_CONVERSION = YES;
				CLANG_WARN_INFINITE_RECURSION = YES;
				CLANG_WARN_INT_CONVERSION = YES;
				CLANG_WARN_NON_LITERAL_NULL_CONVERSION = YES;
				CLANG_WARN_OBJC_IMPLICIT_RETAIN_SELF = YES;
				CLANG_WARN_OBJC_LITERAL_CONVERSION = YES;
				CLANG_WARN_OBJC_ROOT_CLASS = YES_ERROR;
				CLANG_WARN_QUOTED_INCLUDE_IN_FRAMEWORK_HEADER = YES;
				CLANG_WARN_RANGE_LOOP_ANALYSIS = YES;
				CLANG_WARN_STRICT_PROTOTYPES = YES;
				CLANG_WARN_SUSPICIOUS_MOVE = YES;
				CLANG_WARN_UNGUARDED_AVAILABILITY = YES_AGGRESSIVE;
				CLANG_WARN_UNREACHABLE_CODE = YES;
				CLANG_WARN__DUPLICATE_METHOD_MATCH = YES;
				COPY_PHASE_STRIP = NO;
				DEBUG_INFORMATION_FORMAT = dwarf;
				ENABLE_STRICT_OBJC_MSGSEND = YES;
				ENABLE_TESTABILITY = YES;
				ENABLE_USER_SCRIPT_SANDBOXING = YES;
				GCC_C_LANGUAGE_STANDARD = gnu17;
				GCC_DYNAMIC_NO_PIC = NO;
				GCC_NO_COMMON_BLOCKS = YES;
				GCC_OPTIMIZATION_LEVEL = 0;
				GCC_PREPROCESSOR_DEFINITIONS = (
					"DEBUG=1",
					"$(inherited)",
				);
				GCC_WARN_64_TO_32_BIT_CONVERSION = YES;
				GCC_WARN_ABOUT_RETURN_TYPE = YES_ERROR;
				GCC_WARN_UNDECLARED_SELECTOR = YES;
				GCC_WARN_UNINITIALIZED_AUTOS = YES_AGGRESSIVE;
				GCC_WARN_UNUSED_FUNCTION = YES;
				GCC_WARN_UNUSED_VARIABLE = YES;
				IPHONEOS_DEPLOYMENT_TARGET = 17.2;
				LOCALIZATION_PREFERS_STRING_CATALOGS = YES;
				MTL_ENABLE_DEBUG_INFO = INCLUDE_SOURCE;
				MTL_FAST_MATH = YES;
				ONLY_ACTIVE_ARCH = YES;
				SDKROOT = iphoneos;
				SWIFT_ACTIVE_COMPILATION_CONDITIONS = "DEBUG $(inherited)";
				SWIFT_OPTIMIZATION_LEVEL = "-Onone";
			};
			name = Debug;
		};
		B4ACAB352B6E70CB0025F529 /* Release */ = {
			isa = XCBuildConfiguration;
			buildSettings = {
				ALWAYS_SEARCH_USER_PATHS = NO;
				ASSETCATALOG_COMPILER_GENERATE_SWIFT_ASSET_SYMBOL_EXTENSIONS = YES;
				CLANG_ANALYZER_NONNULL = YES;
				CLANG_ANALYZER_NUMBER_OBJECT_CONVERSION = YES_AGGRESSIVE;
				CLANG_CXX_LANGUAGE_STANDARD = "gnu++20";
				CLANG_ENABLE_MODULES = YES;
				CLANG_ENABLE_OBJC_ARC = YES;
				CLANG_ENABLE_OBJC_WEAK = YES;
				CLANG_WARN_BLOCK_CAPTURE_AUTORELEASING = YES;
				CLANG_WARN_BOOL_CONVERSION = YES;
				CLANG_WARN_COMMA = YES;
				CLANG_WARN_CONSTANT_CONVERSION = YES;
				CLANG_WARN_DEPRECATED_OBJC_IMPLEMENTATIONS = YES;
				CLANG_WARN_DIRECT_OBJC_ISA_USAGE = YES_ERROR;
				CLANG_WARN_DOCUMENTATION_COMMENTS = YES;
				CLANG_WARN_EMPTY_BODY = YES;
				CLANG_WARN_ENUM_CONVERSION = YES;
				CLANG_WARN_INFINITE_RECURSION = YES;
				CLANG_WARN_INT_CONVERSION = YES;
				CLANG_WARN_NON_LITERAL_NULL_CONVERSION = YES;
				CLANG_WARN_OBJC_IMPLICIT_RETAIN_SELF = YES;
				CLANG_WARN_OBJC_LITERAL_CONVERSION = YES;
				CLANG_WARN_OBJC_ROOT_CLASS = YES_ERROR;
				CLANG_WARN_QUOTED_INCLUDE_IN_FRAMEWORK_HEADER = YES;
				CLANG_WARN_RANGE_LOOP_ANALYSIS = YES;
				CLANG_WARN_STRICT_PROTOTYPES = YES;
				CLANG_WARN_SUSPICIOUS_MOVE = YES;
				CLANG_WARN_UNGUARDED_AVAILABILITY = YES_AGGRESSIVE;
				CLANG_WARN_UNREACHABLE_CODE = YES;
				CLANG_WARN__DUPLICATE_METHOD_MATCH = YES;
				COPY_PHASE_STRIP = NO;
				DEBUG_INFORMATION_FORMAT = "dwarf-with-dsym";
				ENABLE_NS_ASSERTIONS = NO;
				ENABLE_STRICT_OBJC_MSGSEND = YES;
				ENABLE_USER_SCRIPT_SANDBOXING = YES;
				GCC_C_LANGUAGE_STANDARD = gnu17;
				GCC_NO_COMMON_BLOCKS = YES;
				GCC_WARN_64_TO_32_BIT_CONVERSION = YES;
				GCC_WARN_ABOUT_RETURN_TYPE = YES_ERROR;
				GCC_WARN_UNDECLARED_SELECTOR = YES;
				GCC_WARN_UNINITIALIZED_AUTOS = YES_AGGRESSIVE;
				GCC_WARN_UNUSED_FUNCTION = YES;
				GCC_WARN_UNUSED_VARIABLE = YES;
				IPHONEOS_DEPLOYMENT_TARGET = 17.2;
				LOCALIZATION_PREFERS_STRING_CATALOGS = YES;
				MTL_ENABLE_DEBUG_INFO = NO;
				MTL_FAST_MATH = YES;
				SDKROOT = iphoneos;
				SWIFT_COMPILATION_MODE = wholemodule;
				VALIDATE_PRODUCT = YES;
			};
			name = Release;
		};
		B4ACAB372B6E70CB0025F529 /* Debug */ = {
			isa = XCBuildConfiguration;
			buildSettings = {
				ASSETCATALOG_COMPILER_APPICON_NAME = AppIcon;
				ASSETCATALOG_COMPILER_GLOBAL_ACCENT_COLOR_NAME = AccentColor;
				CODE_SIGN_STYLE = Automatic;
				CURRENT_PROJECT_VERSION = 1;
				DEVELOPMENT_ASSET_PATHS = "Chrat/Resources/Preview\\ Content";
				DEVELOPMENT_TEAM = 5VZ6Q8DGLP;
				ENABLE_PREVIEWS = YES;
				GENERATE_INFOPLIST_FILE = YES;
				INFOPLIST_KEY_UIApplicationSceneManifest_Generation = YES;
				INFOPLIST_KEY_UIApplicationSupportsIndirectInputEvents = YES;
				INFOPLIST_KEY_UILaunchScreen_Generation = YES;
				INFOPLIST_KEY_UISupportedInterfaceOrientations_iPad = "UIInterfaceOrientationPortrait UIInterfaceOrientationPortraitUpsideDown UIInterfaceOrientationLandscapeLeft UIInterfaceOrientationLandscapeRight";
				INFOPLIST_KEY_UISupportedInterfaceOrientations_iPhone = "UIInterfaceOrientationPortrait UIInterfaceOrientationLandscapeLeft UIInterfaceOrientationLandscapeRight";
				LD_RUNPATH_SEARCH_PATHS = (
					"$(inherited)",
					"@executable_path/Frameworks",
				);
				MARKETING_VERSION = 1.0;
				PRODUCT_BUNDLE_IDENTIFIER = com.anceldev.Chrat;
				PRODUCT_NAME = "$(TARGET_NAME)";
				SWIFT_EMIT_LOC_STRINGS = YES;
				SWIFT_VERSION = 5.0;
				TARGETED_DEVICE_FAMILY = "1,2";
			};
			name = Debug;
		};
		B4ACAB382B6E70CB0025F529 /* Release */ = {
			isa = XCBuildConfiguration;
			buildSettings = {
				ASSETCATALOG_COMPILER_APPICON_NAME = AppIcon;
				ASSETCATALOG_COMPILER_GLOBAL_ACCENT_COLOR_NAME = AccentColor;
				CODE_SIGN_STYLE = Automatic;
				CURRENT_PROJECT_VERSION = 1;
				DEVELOPMENT_ASSET_PATHS = "Chrat/Resources/Preview\\ Content";
				DEVELOPMENT_TEAM = 5VZ6Q8DGLP;
				ENABLE_PREVIEWS = YES;
				GENERATE_INFOPLIST_FILE = YES;
				INFOPLIST_KEY_UIApplicationSceneManifest_Generation = YES;
				INFOPLIST_KEY_UIApplicationSupportsIndirectInputEvents = YES;
				INFOPLIST_KEY_UILaunchScreen_Generation = YES;
				INFOPLIST_KEY_UISupportedInterfaceOrientations_iPad = "UIInterfaceOrientationPortrait UIInterfaceOrientationPortraitUpsideDown UIInterfaceOrientationLandscapeLeft UIInterfaceOrientationLandscapeRight";
				INFOPLIST_KEY_UISupportedInterfaceOrientations_iPhone = "UIInterfaceOrientationPortrait UIInterfaceOrientationLandscapeLeft UIInterfaceOrientationLandscapeRight";
				LD_RUNPATH_SEARCH_PATHS = (
					"$(inherited)",
					"@executable_path/Frameworks",
				);
				MARKETING_VERSION = 1.0;
				PRODUCT_BUNDLE_IDENTIFIER = com.anceldev.Chrat;
				PRODUCT_NAME = "$(TARGET_NAME)";
				SWIFT_EMIT_LOC_STRINGS = YES;
				SWIFT_VERSION = 5.0;
				TARGETED_DEVICE_FAMILY = "1,2";
			};
			name = Release;
		};
/* End XCBuildConfiguration section */

/* Begin XCConfigurationList section */
		B4ACAB232B6E70CA0025F529 /* Build configuration list for PBXProject "Chrat" */ = {
			isa = XCConfigurationList;
			buildConfigurations = (
				B4ACAB342B6E70CB0025F529 /* Debug */,
				B4ACAB352B6E70CB0025F529 /* Release */,
			);
			defaultConfigurationIsVisible = 0;
			defaultConfigurationName = Release;
		};
		B4ACAB362B6E70CB0025F529 /* Build configuration list for PBXNativeTarget "Chrat" */ = {
			isa = XCConfigurationList;
			buildConfigurations = (
				B4ACAB372B6E70CB0025F529 /* Debug */,
				B4ACAB382B6E70CB0025F529 /* Release */,
			);
			defaultConfigurationIsVisible = 0;
			defaultConfigurationName = Release;
		};
/* End XCConfigurationList section */

/* Begin XCRemoteSwiftPackageReference section */
		B4ACAB432B6E761B0025F529 /* XCRemoteSwiftPackageReference "firebase-ios-sdk" */ = {
			isa = XCRemoteSwiftPackageReference;
			repositoryURL = "https://github.com/firebase/firebase-ios-sdk.git";
			requirement = {
				kind = upToNextMajorVersion;
				minimumVersion = 10.20.0;
			};
		};
/* End XCRemoteSwiftPackageReference section */

/* Begin XCSwiftPackageProductDependency section */
		B4ACAB442B6E761B0025F529 /* FirebaseAnalytics */ = {
			isa = XCSwiftPackageProductDependency;
			package = B4ACAB432B6E761B0025F529 /* XCRemoteSwiftPackageReference "firebase-ios-sdk" */;
			productName = FirebaseAnalytics;
		};
		B4ACAB462B6E761B0025F529 /* FirebaseAnalyticsSwift */ = {
			isa = XCSwiftPackageProductDependency;
			package = B4ACAB432B6E761B0025F529 /* XCRemoteSwiftPackageReference "firebase-ios-sdk" */;
			productName = FirebaseAnalyticsSwift;
		};
		B4ACAB482B6E761B0025F529 /* FirebaseAuth */ = {
			isa = XCSwiftPackageProductDependency;
			package = B4ACAB432B6E761B0025F529 /* XCRemoteSwiftPackageReference "firebase-ios-sdk" */;
			productName = FirebaseAuth;
		};
		B4ACAB4A2B6E761B0025F529 /* FirebaseFirestore */ = {
			isa = XCSwiftPackageProductDependency;
			package = B4ACAB432B6E761B0025F529 /* XCRemoteSwiftPackageReference "firebase-ios-sdk" */;
			productName = FirebaseFirestore;
		};
		B4ACAB4C2B6E761B0025F529 /* FirebaseFirestoreSwift */ = {
			isa = XCSwiftPackageProductDependency;
			package = B4ACAB432B6E761B0025F529 /* XCRemoteSwiftPackageReference "firebase-ios-sdk" */;
			productName = FirebaseFirestoreSwift;
		};
		B4ACAB4E2B6E761B0025F529 /* FirebaseStorage */ = {
			isa = XCSwiftPackageProductDependency;
			package = B4ACAB432B6E761B0025F529 /* XCRemoteSwiftPackageReference "firebase-ios-sdk" */;
			productName = FirebaseStorage;
		};
/* End XCSwiftPackageProductDependency section */
	};
	rootObject = B4ACAB202B6E70CA0025F529 /* Project object */;
}
